# THIS IS AN AUTOGENERATED FILE. DO NOT EDIT THIS FILE DIRECTLY.
# yarn lockfile v1


"hamt_plus@1.0.2":
  "integrity" "sha512-t2JXKaehnMb9paaYA7J0BX8QQAY8lwfQ9Gjf4pg/mk4krt+cmwmU652HOoWonf+7+EQV97ARPMhhVgU1ra2GhA=="
  "resolved" "https://registry.npmjs.org/hamt_plus/-/hamt_plus-1.0.2.tgz"
  "version" "1.0.2"

"js-tokens@^3.0.0 || ^4.0.0":
  "integrity" "sha512-RdJUflcE3cUzKiMqQgsCu06FPu9UdIJO0beYbPhHN4k6apgJtifcoCtT9bcxOpYBtpD2kCM6Sbzg4CausW/PKQ=="
  "resolved" "https://registry.npmjs.org/js-tokens/-/js-tokens-4.0.0.tgz"
  "version" "4.0.0"

"loose-envify@^1.1.0":
  "integrity" "sha512-lyuxPGr/Wfhrlem2CL/UcnUc1zcqKAImBDzukY7Y5F/yQiNdko6+fRLevlw1HgMySw7f611UIY408EtxRSoK3Q=="
  "resolved" "https://registry.npmjs.org/loose-envify/-/loose-envify-1.4.0.tgz"
  "version" "1.4.0"
  dependencies:
    "js-tokens" "^3.0.0 || ^4.0.0"

"react@>=16.13.1":
  "integrity" "sha512-4oL8ivCz5ZEPyclFQXaNksK3adutVS8l2xzZU0cqEFrE9Sb7fC0EFK5uEk74wIreL1DERyjvsU915j1pcT2uEQ=="
  "resolved" "https://registry.npmjs.org/react/-/react-18.1.0.tgz"
  "version" "18.1.0"
  dependencies:
    "loose-envify" "^1.1.0"

"recoil@^0.7.3":
  "integrity" "sha512-WaPppk3Hz5/V9nOVmu1X/o3cJyf/rLXw/YsEENvMzEDk+LKqMiGfFgZ3Gg51TKWccpCZCyrSBXn2O4L1E2WDPQ=="
  "resolved" "https://registry.npmjs.org/recoil/-/recoil-0.7.3.tgz"
  "version" "0.7.3"
  dependencies:
    "hamt_plus" "1.0.2"
